// !$*UTF8*$!
{
	archiveVersion = 1;
	classes = {
	};
	objectVersion = 48;
	objects = {

/* Begin PBXBuildFile section */
		185FBBB81FE772FF005C91B0 /* QuartzCapJointWidthViews.m in Sources */ = {isa = PBXBuildFile; fileRef = 185FBBB71FE772FF005C91B0 /* QuartzCapJointWidthViews.m */; };
		18C1BFE91FE21C47008ABBDE /* AppDelegate.m in Sources */ = {isa = PBXBuildFile; fileRef = 18C1BFE81FE21C47008ABBDE /* AppDelegate.m */; };
		18C1BFEC1FE21C47008ABBDE /* ViewController.m in Sources */ = {isa = PBXBuildFile; fileRef = 18C1BFEB1FE21C47008ABBDE /* ViewController.m */; };
		18C1BFEF1FE21C47008ABBDE /* Main.storyboard in Resources */ = {isa = PBXBuildFile; fileRef = 18C1BFED1FE21C47008ABBDE /* Main.storyboard */; };
		18C1BFF11FE21C47008ABBDE /* Assets.xcassets in Resources */ = {isa = PBXBuildFile; fileRef = 18C1BFF01FE21C47008ABBDE /* Assets.xcassets */; };
		18C1BFF41FE21C47008ABBDE /* LaunchScreen.storyboard in Resources */ = {isa = PBXBuildFile; fileRef = 18C1BFF21FE21C47008ABBDE /* LaunchScreen.storyboard */; };
		18C1BFF71FE21C47008ABBDE /* main.m in Sources */ = {isa = PBXBuildFile; fileRef = 18C1BFF61FE21C47008ABBDE /* main.m */; };
		18C1BFFF1FE24763008ABBDE /* QuartzView.m in Sources */ = {isa = PBXBuildFile; fileRef = 18C1BFFE1FE24763008ABBDE /* QuartzView.m */; };
		18C1C0061FE24946008ABBDE /* LinesQuartzView.m in Sources */ = {isa = PBXBuildFile; fileRef = 18C1C0051FE24946008ABBDE /* LinesQuartzView.m */; };
		18C1C00D1FE24F57008ABBDE /* CoreGraphics.framework in Frameworks */ = {isa = PBXBuildFile; fileRef = 18C1C00C1FE24F57008ABBDE /* CoreGraphics.framework */; };
		18FC59111FE8B45200806662 /* DashView.m in Sources */ = {isa = PBXBuildFile; fileRef = 18FC59101FE8B45200806662 /* DashView.m */; };
		18FC59141FE8B64200806662 /* DashViewController.m in Sources */ = {isa = PBXBuildFile; fileRef = 18FC59131FE8B64200806662 /* DashViewController.m */; };
/* End PBXBuildFile section */

/* Begin PBXFileReference section */
		184CC9261FE3B8D1004582F0 /* Config.h */ = {isa = PBXFileReference; lastKnownFileType = sourcecode.c.h; path = Config.h; sourceTree = "<group>"; };
		185FBBB61FE772FF005C91B0 /* QuartzCapJointWidthViews.h */ = {isa = PBXFileReference; lastKnownFileType = sourcecode.c.h; path = QuartzCapJointWidthViews.h; sourceTree = "<group>"; };
		185FBBB71FE772FF005C91B0 /* QuartzCapJointWidthViews.m */ = {isa = PBXFileReference; lastKnownFileType = sourcecode.c.objc; path = QuartzCapJointWidthViews.m; sourceTree = "<group>"; };
		18C1BFE41FE21C46008ABBDE /* CoreGrapicDemo.app */ = {isa = PBXFileReference; explicitFileType = wrapper.application; includeInIndex = 0; path = CoreGrapicDemo.app; sourceTree = BUILT_PRODUCTS_DIR; };
		18C1BFE71FE21C47008ABBDE /* AppDelegate.h */ = {isa = PBXFileReference; lastKnownFileType = sourcecode.c.h; path = AppDelegate.h; sourceTree = "<group>"; };
		18C1BFE81FE21C47008ABBDE /* AppDelegate.m */ = {isa = PBXFileReference; lastKnownFileType = sourcecode.c.objc; path = AppDelegate.m; sourceTree = "<group>"; };
		18C1BFEA1FE21C47008ABBDE /* ViewController.h */ = {isa = PBXFileReference; lastKnownFileType = sourcecode.c.h; path = ViewController.h; sourceTree = "<group>"; };
		18C1BFEB1FE21C47008ABBDE /* ViewController.m */ = {isa = PBXFileReference; lastKnownFileType = sourcecode.c.objc; path = ViewController.m; sourceTree = "<group>"; };
		18C1BFEE1FE21C47008ABBDE /* Base */ = {isa = PBXFileReference; lastKnownFileType = file.storyboard; name = Base; path = Base.lproj/Main.storyboard; sourceTree = "<group>"; };
		18C1BFF01FE21C47008ABBDE /* Assets.xcassets */ = {isa = PBXFileReference; lastKnownFileType = folder.assetcatalog; path = Assets.xcassets; sourceTree = "<group>"; };
		18C1BFF31FE21C47008ABBDE /* Base */ = {isa = PBXFileReference; lastKnownFileType = file.storyboard; name = Base; path = Base.lproj/LaunchScreen.storyboard; sourceTree = "<group>"; };
		18C1BFF51FE21C47008ABBDE /* Info.plist */ = {isa = PBXFileReference; lastKnownFileType = text.plist.xml; path = Info.plist; sourceTree = "<group>"; };
		18C1BFF61FE21C47008ABBDE /* main.m */ = {isa = PBXFileReference; lastKnownFileType = sourcecode.c.objc; path = main.m; sourceTree = "<group>"; };
		18C1BFFD1FE24763008ABBDE /* QuartzView.h */ = {isa = PBXFileReference; lastKnownFileType = sourcecode.c.h; path = QuartzView.h; sourceTree = "<group>"; };
		18C1BFFE1FE24763008ABBDE /* QuartzView.m */ = {isa = PBXFileReference; lastKnownFileType = sourcecode.c.objc; path = QuartzView.m; sourceTree = "<group>"; };
		18C1C0041FE24946008ABBDE /* LinesQuartzView.h */ = {isa = PBXFileReference; lastKnownFileType = sourcecode.c.h; path = LinesQuartzView.h; sourceTree = "<group>"; };
		18C1C0051FE24946008ABBDE /* LinesQuartzView.m */ = {isa = PBXFileReference; lastKnownFileType = sourcecode.c.objc; path = LinesQuartzView.m; sourceTree = "<group>"; };
		18C1C00C1FE24F57008ABBDE /* CoreGraphics.framework */ = {isa = PBXFileReference; lastKnownFileType = wrapper.framework; name = CoreGraphics.framework; path = System/Library/Frameworks/CoreGraphics.framework; sourceTree = SDKROOT; };
		18FC590F1FE8B45200806662 /* DashView.h */ = {isa = PBXFileReference; lastKnownFileType = sourcecode.c.h; path = DashView.h; sourceTree = "<group>"; };
		18FC59101FE8B45200806662 /* DashView.m */ = {isa = PBXFileReference; lastKnownFileType = sourcecode.c.objc; path = DashView.m; sourceTree = "<group>"; };
		18FC59121FE8B64200806662 /* DashViewController.h */ = {isa = PBXFileReference; lastKnownFileType = sourcecode.c.h; path = DashViewController.h; sourceTree = "<group>"; };
		18FC59131FE8B64200806662 /* DashViewController.m */ = {isa = PBXFileReference; lastKnownFileType = sourcecode.c.objc; path = DashViewController.m; sourceTree = "<group>"; };
/* End PBXFileReference section */

/* Begin PBXFrameworksBuildPhase section */
		18C1BFE11FE21C46008ABBDE /* Frameworks */ = {
			isa = PBXFrameworksBuildPhase;
			buildActionMask = 2147483647;
			files = (
				18C1C00D1FE24F57008ABBDE /* CoreGraphics.framework in Frameworks */,
			);
			runOnlyForDeploymentPostprocessing = 0;
		};
/* End PBXFrameworksBuildPhase section */

/* Begin PBXGroup section */
		184CC9251FE3B780004582F0 /* Macro */ = {
			isa = PBXGroup;
			children = (
				184CC9261FE3B8D1004582F0 /* Config.h */,
			);
			path = Macro;
			sourceTree = "<group>";
		};
		18C1BFDB1FE21C46008ABBDE = {
			isa = PBXGroup;
			children = (
				18C1BFE61FE21C46008ABBDE /* CoreGrapicDemo */,
				18C1BFE51FE21C46008ABBDE /* Products */,
				18C1C00B1FE24F57008ABBDE /* Frameworks */,
			);
			sourceTree = "<group>";
		};
		18C1BFE51FE21C46008ABBDE /* Products */ = {
			isa = PBXGroup;
			children = (
				18C1BFE41FE21C46008ABBDE /* CoreGrapicDemo.app */,
			);
			name = Products;
			sourceTree = "<group>";
		};
		18C1BFE61FE21C46008ABBDE /* CoreGrapicDemo */ = {
			isa = PBXGroup;
			children = (
				184CC9251FE3B780004582F0 /* Macro */,
				18C1C0071FE24E4C008ABBDE /* Category */,
				18C1C0001FE24770008ABBDE /* QuartzViewDemo */,
				18C1BFE71FE21C47008ABBDE /* AppDelegate.h */,
				18C1BFE81FE21C47008ABBDE /* AppDelegate.m */,
				18C1BFEA1FE21C47008ABBDE /* ViewController.h */,
				18C1BFEB1FE21C47008ABBDE /* ViewController.m */,
				18C1BFED1FE21C47008ABBDE /* Main.storyboard */,
				18C1BFF01FE21C47008ABBDE /* Assets.xcassets */,
				18C1BFF21FE21C47008ABBDE /* LaunchScreen.storyboard */,
				18C1BFF51FE21C47008ABBDE /* Info.plist */,
				18C1BFF61FE21C47008ABBDE /* main.m */,
			);
			path = CoreGrapicDemo;
			sourceTree = "<group>";
		};
		18C1C0001FE24770008ABBDE /* QuartzViewDemo */ = {
			isa = PBXGroup;
			children = (
				18C1BFFD1FE24763008ABBDE /* QuartzView.h */,
				18C1BFFE1FE24763008ABBDE /* QuartzView.m */,
				18C1C0041FE24946008ABBDE /* LinesQuartzView.h */,
				18C1C0051FE24946008ABBDE /* LinesQuartzView.m */,
				185FBBB61FE772FF005C91B0 /* QuartzCapJointWidthViews.h */,
				185FBBB71FE772FF005C91B0 /* QuartzCapJointWidthViews.m */,
				18FC590F1FE8B45200806662 /* DashView.h */,
				18FC59101FE8B45200806662 /* DashView.m */,
				18FC59121FE8B64200806662 /* DashViewController.h */,
				18FC59131FE8B64200806662 /* DashViewController.m */,
			);
			path = QuartzViewDemo;
			sourceTree = "<group>";
		};
		18C1C0071FE24E4C008ABBDE /* Category */ = {
			isa = PBXGroup;
			children = (
			);
			path = Category;
			sourceTree = "<group>";
		};
		18C1C00B1FE24F57008ABBDE /* Frameworks */ = {
			isa = PBXGroup;
			children = (
				18C1C00C1FE24F57008ABBDE /* CoreGraphics.framework */,
			);
			name = Frameworks;
			sourceTree = "<group>";
		};
/* End PBXGroup section */

/* Begin PBXNativeTarget section */
		18C1BFE31FE21C46008ABBDE /* CoreGrapicDemo */ = {
			isa = PBXNativeTarget;
			buildConfigurationList = 18C1BFFA1FE21C47008ABBDE /* Build configuration list for PBXNativeTarget "CoreGrapicDemo" */;
			buildPhases = (
				18C1BFE01FE21C46008ABBDE /* Sources */,
				18C1BFE11FE21C46008ABBDE /* Frameworks */,
				18C1BFE21FE21C46008ABBDE /* Resources */,
			);
			buildRules = (
			);
			dependencies = (
			);
			name = CoreGrapicDemo;
			productName = CoreGrapicDemo;
			productReference = 18C1BFE41FE21C46008ABBDE /* CoreGrapicDemo.app */;
			productType = "com.apple.product-type.application";
		};
/* End PBXNativeTarget section */

/* Begin PBXProject section */
		18C1BFDC1FE21C46008ABBDE /* Project object */ = {
			isa = PBXProject;
			attributes = {
				LastUpgradeCheck = 0920;
				ORGANIZATIONNAME = ZY;
				TargetAttributes = {
					18C1BFE31FE21C46008ABBDE = {
						CreatedOnToolsVersion = 9.2;
						ProvisioningStyle = Automatic;
					};
				};
			};
			buildConfigurationList = 18C1BFDF1FE21C46008ABBDE /* Build configuration list for PBXProject "CoreGrapicDemo" */;
			compatibilityVersion = "Xcode 8.0";
			developmentRegion = en;
			hasScannedForEncodings = 0;
			knownRegions = (
				en,
				Base,
			);
			mainGroup = 18C1BFDB1FE21C46008ABBDE;
			productRefGroup = 18C1BFE51FE21C46008ABBDE /* Products */;
			projectDirPath = "";
			projectRoot = "";
			targets = (
				18C1BFE31FE21C46008ABBDE /* CoreGrapicDemo */,
			);
		};
/* End PBXProject section */

/* Begin PBXResourcesBuildPhase section */
		18C1BFE21FE21C46008ABBDE /* Resources */ = {
			isa = PBXResourcesBuildPhase;
			buildActionMask = 2147483647;
			files = (
				18C1BFF41FE21C47008ABBDE /* LaunchScreen.storyboard in Resources */,
				18C1BFF11FE21C47008ABBDE /* Assets.xcassets in Resources */,
				18C1BFEF1FE21C47008ABBDE /* Main.storyboard in Resources */,
			);
			runOnlyForDeploymentPostprocessing = 0;
		};
/* End PBXResourcesBuildPhase section */

/* Begin PBXSourcesBuildPhase section */
		18C1BFE01FE21C46008ABBDE /* Sources */ = {
			isa = PBXSourcesBuildPhase;
			buildActionMask = 2147483647;
			files = (
				185FBBB81FE772FF005C91B0 /* QuartzCapJointWidthViews.m in Sources */,
				18C1BFEC1FE21C47008ABBDE /* ViewController.m in Sources */,
				18C1BFFF1FE24763008ABBDE /* QuartzView.m in Sources */,
				18C1C0061FE24946008ABBDE /* LinesQuartzView.m in Sources */,
				18C1BFF71FE21C47008ABBDE /* main.m in Sources */,
				18FC59111FE8B45200806662 /* DashView.m in Sources */,
				18FC59141FE8B64200806662 /* DashViewController.m in Sources */,
				18C1BFE91FE21C47008ABBDE /* AppDelegate.m in Sources */,
			);
			runOnlyForDeploymentPostprocessing = 0;
		};
/* End PBXSourcesBuildPhase section */

/* Begin PBXVariantGroup section */
		18C1BFED1FE21C47008ABBDE /* Main.storyboard */ = {
			isa = PBXVariantGroup;
			children = (
				18C1BFEE1FE21C47008ABBDE /* Base */,
			);
			name = Main.storyboard;
			sourceTree = "<group>";
		};
		18C1BFF21FE21C47008ABBDE /* LaunchScreen.storyboard */ = {
			isa = PBXVariantGroup;
			children = (
				18C1BFF31FE21C47008ABBDE /* Base */,
			);
			name = LaunchScreen.storyboard;
			sourceTree = "<group>";
		};
/* End PBXVariantGroup section */

/* Begin XCBuildConfiguration section */
		18C1BFF81FE21C47008ABBDE /* Debug */ = {
			isa = XCBuildConfiguration;
			buildSettings = {
				ALWAYS_SEARCH_USER_PATHS = NO;
				CLANG_ANALYZER_NONNULL = YES;
				CLANG_ANALYZER_NUMBER_OBJECT_CONVERSION = YES_AGGRESSIVE;
				CLANG_CXX_LANGUAGE_STANDARD = "gnu++14";
				CLANG_CXX_LIBRARY = "libc++";
				CLANG_ENABLE_MODULES = YES;
				CLANG_ENABLE_OBJC_ARC = YES;
				CLANG_WARN_BLOCK_CAPTURE_AUTORELEASING = YES;
				CLANG_WARN_BOOL_CONVERSION = YES;
				CLANG_WARN_COMMA = YES;
				CLANG_WARN_CONSTANT_CONVERSION = YES;
				CLANG_WARN_DIRECT_OBJC_ISA_USAGE = YES_ERROR;
				CLANG_WARN_DOCUMENTATION_COMMENTS = YES;
				CLANG_WARN_EMPTY_BODY = YES;
				CLANG_WARN_ENUM_CONVERSION = YES;
				CLANG_WARN_INFINITE_RECURSION = YES;
				CLANG_WARN_INT_CONVERSION = YES;
				CLANG_WARN_NON_LITERAL_NULL_CONVERSION = YES;
				CLANG_WARN_OBJC_LITERAL_CONVERSION = YES;
				CLANG_WARN_OBJC_ROOT_CLASS = YES_ERROR;
				CLANG_WARN_RANGE_LOOP_ANALYSIS = YES;
				CLANG_WARN_STRICT_PROTOTYPES = YES;
				CLANG_WARN_SUSPICIOUS_MOVE = YES;
				CLANG_WARN_UNGUARDED_AVAILABILITY = YES_AGGRESSIVE;
				CLANG_WARN_UNREACHABLE_CODE = YES;
				CLANG_WARN__DUPLICATE_METHOD_MATCH = YES;
				CODE_SIGN_IDENTITY = "iPhone Developer";
				COPY_PHASE_STRIP = NO;
				DEBUG_INFORMATION_FORMAT = dwarf;
				ENABLE_STRICT_OBJC_MSGSEND = YES;
				ENABLE_TESTABILITY = YES;
				GCC_C_LANGUAGE_STANDARD = gnu11;
				GCC_DYNAMIC_NO_PIC = NO;
				GCC_NO_COMMON_BLOCKS = YES;
				GCC_OPTIMIZATION_LEVEL = 0;
				GCC_PREPROCESSOR_DEFINITIONS = (
					"DEBUG=1",
					"$(inherited)",
				);
				GCC_WARN_64_TO_32_BIT_CONVERSION = YES;
				GCC_WARN_ABOUT_RETURN_TYPE = YES_ERROR;
				GCC_WARN_UNDECLARED_SELECTOR = YES;
				GCC_WARN_UNINITIALIZED_AUTOS = YES_AGGRESSIVE;
				GCC_WARN_UNUSED_FUNCTION = YES;
				GCC_WARN_UNUSED_VARIABLE = YES;
				IPHONEOS_DEPLOYMENT_TARGET = 11.2;
				MTL_ENABLE_DEBUG_INFO = YES;
				ONLY_ACTIVE_ARCH = YES;
				SDKROOT = iphoneos;
			};
			name = Debug;
		};
		18C1BFF91FE21C47008ABBDE /* Release */ = {
			isa = XCBuildConfiguration;
			buildSettings = {
				ALWAYS_SEARCH_USER_PATHS = NO;
				CLANG_ANALYZER_NONNULL = YES;
				CLANG_ANALYZER_NUMBER_OBJECT_CONVERSION = YES_AGGRESSIVE;
				CLANG_CXX_LANGUAGE_STANDARD = "gnu++14";
				CLANG_CXX_LIBRARY = "libc++";
				CLANG_ENABLE_MODULES = YES;
				CLANG_ENABLE_OBJC_ARC = YES;
				CLANG_WARN_BLOCK_CAPTURE_AUTORELEASING = YES;
				CLANG_WARN_BOOL_CONVERSION = YES;
				CLANG_WARN_COMMA = YES;
				CLANG_WARN_CONSTANT_CONVERSION = YES;
				CLANG_WARN_DIRECT_OBJC_ISA_USAGE = YES_ERROR;
				CLANG_WARN_DOCUMENTATION_COMMENTS = YES;
				CLANG_WARN_EMPTY_BODY = YES;
				CLANG_WARN_ENUM_CONVERSION = YES;
				CLANG_WARN_INFINITE_RECURSION = YES;
				CLANG_WARN_INT_CONVERSION = YES;
				CLANG_WARN_NON_LITERAL_NULL_CONVERSION = YES;
				CLANG_WARN_OBJC_LITERAL_CONVERSION = YES;
				CLANG_WARN_OBJC_ROOT_CLASS = YES_ERROR;
				CLANG_WARN_RANGE_LOOP_ANALYSIS = YES;
				CLANG_WARN_STRICT_PROTOTYPES = YES;
				CLANG_WARN_SUSPICIOUS_MOVE = YES;
				CLANG_WARN_UNGUARDED_AVAILABILITY = YES_AGGRESSIVE;
				CLANG_WARN_UNREACHABLE_CODE = YES;
				CLANG_WARN__DUPLICATE_METHOD_MATCH = YES;
				CODE_SIGN_IDENTITY = "iPhone Developer";
				COPY_PHASE_STRIP = NO;
				DEBUG_INFORMATION_FORMAT = "dwarf-with-dsym";
				ENABLE_NS_ASSERTIONS = NO;
				ENABLE_STRICT_OBJC_MSGSEND = YES;
				GCC_C_LANGUAGE_STANDARD = gnu11;
				GCC_NO_COMMON_BLOCKS = YES;
				GCC_WARN_64_TO_32_BIT_CONVERSION = YES;
				GCC_WARN_ABOUT_RETURN_TYPE = YES_ERROR;
				GCC_WARN_UNDECLARED_SELECTOR = YES;
				GCC_WARN_UNINITIALIZED_AUTOS = YES_AGGRESSIVE;
				GCC_WARN_UNUSED_FUNCTION = YES;
				GCC_WARN_UNUSED_VARIABLE = YES;
				IPHONEOS_DEPLOYMENT_TARGET = 11.2;
				MTL_ENABLE_DEBUG_INFO = NO;
				SDKROOT = iphoneos;
				VALIDATE_PRODUCT = YES;
			};
			name = Release;
		};
		18C1BFFB1FE21C47008ABBDE /* Debug */ = {
			isa = XCBuildConfiguration;
			buildSettings = {
				ASSETCATALOG_COMPILER_APPICON_NAME = AppIcon;
				CODE_SIGN_STYLE = Automatic;
				DEVELOPMENT_TEAM = XB9YNJTZ2K;
				INFOPLIST_FILE = CoreGrapicDemo/Info.plist;
				LD_RUNPATH_SEARCH_PATHS = "$(inherited) @executable_path/Frameworks";
				PRODUCT_BUNDLE_IDENTIFIER = ZY.CoreGrapicDemo;
				PRODUCT_NAME = "$(TARGET_NAME)";
				TARGETED_DEVICE_FAMILY = "1,2";
			};
			name = Debug;
		};
		18C1BFFC1FE21C47008ABBDE /* Release */ = {
			isa = XCBuildConfiguration;
			buildSettings = {
				ASSETCATALOG_COMPILER_APPICON_NAME = AppIcon;
				CODE_SIGN_STYLE = Automatic;
				DEVELOPMENT_TEAM = XB9YNJTZ2K;
				INFOPLIST_FILE = CoreGrapicDemo/Info.plist;
				LD_RUNPATH_SEARCH_PATHS = "$(inherited) @executable_path/Frameworks";
				PRODUCT_BUNDLE_IDENTIFIER = ZY.CoreGrapicDemo;
				PRODUCT_NAME = "$(TARGET_NAME)";
				TARGETED_DEVICE_FAMILY = "1,2";
			};
			name = Release;
		};
/* End XCBuildConfiguration section */

/* Begin XCConfigurationList section */
		18C1BFDF1FE21C46008ABBDE /* Build configuration list for PBXProject "CoreGrapicDemo" */ = {
			isa = XCConfigurationList;
			buildConfigurations = (
				18C1BFF81FE21C47008ABBDE /* Debug */,
				18C1BFF91FE21C47008ABBDE /* Release */,
			);
			defaultConfigurationIsVisible = 0;
			defaultConfigurationName = Release;
		};
		18C1BFFA1FE21C47008ABBDE /* Build configuration list for PBXNativeTarget "CoreGrapicDemo" */ = {
			isa = XCConfigurationList;
			buildConfigurations = (
				18C1BFFB1FE21C47008ABBDE /* Debug */,
				18C1BFFC1FE21C47008ABBDE /* Release */,
			);
			defaultConfigurationIsVisible = 0;
			defaultConfigurationName = Release;
		};
/* End XCConfigurationList section */
	};
	rootObject = 18C1BFDC1FE21C46008ABBDE /* Project object */;
}
